
Microsoft Visual Studio Solution File, Format Version 12.00
# Visual Studio Version 17
VisualStudioVersion = 17.9.34723.18
MinimumVisualStudioVersion = 10.0.40219.1
Project("{FAE04EC0-301F-11D3-BF4B-00C04F79EFBC}") = "AlgorimsFindPath", "AStar\AlgorimsFindPath.csproj", "{221E645C-B90F-4F88-9363-74ED590131EA}"
EndProject
Global
	GlobalSection(SolutionConfigurationPlatforms) = preSolution
		Debug|Any CPU = Debug|Any CPU
		Release|Any CPU = Release|Any CPU
	EndGlobalSection
	GlobalSection(ProjectConfigurationPlatforms) = postSolution
		{221E645C-B90F-4F88-9363-74ED590131EA}.Debug|Any CPU.ActiveCfg = Debug|Any CPU
		{221E645C-B90F-4F88-9363-74ED590131EA}.Debug|Any CPU.Build.0 = Debug|Any CPU
		{221E645C-B90F-4F88-9363-74ED590131EA}.Release|Any CPU.ActiveCfg = Release|Any CPU
		{221E645C-B90F-4F88-9363-74ED590131EA}.Release|Any CPU.Build.0 = Release|Any CPU
	EndGlobalSection
	GlobalSection(SolutionProperties) = preSolution
		HideSolutionNode = FALSE
	EndGlobalSection
	GlobalSection(ExtensibilityGlobals) = postSolution
		SolutionGuid = {0E60256D-AB95-4C28-BC24-98910DF41BD8}
	EndGlobalSection
EndGlobal
